// !$*UTF8*$!
{
	archiveVersion = 1;
	classes = {
	};
	objectVersion = 50;
	objects = {

/* Begin PBXBuildFile section */
		B575B5182342282D0038DA14 /* AppDelegate.swift in Sources */ = {isa = PBXBuildFile; fileRef = B575B5172342282D0038DA14 /* AppDelegate.swift */; };
		B575B51A2342282D0038DA14 /* SceneDelegate.swift in Sources */ = {isa = PBXBuildFile; fileRef = B575B5192342282D0038DA14 /* SceneDelegate.swift */; };
		B575B51C2342282D0038DA14 /* NoteVC.swift in Sources */ = {isa = PBXBuildFile; fileRef = B575B51B2342282D0038DA14 /* NoteVC.swift */; };
		B575B51F2342282D0038DA14 /* Main.storyboard in Resources */ = {isa = PBXBuildFile; fileRef = B575B51D2342282D0038DA14 /* Main.storyboard */; };
		B575B5212342282D0038DA14 /* Assets.xcassets in Resources */ = {isa = PBXBuildFile; fileRef = B575B5202342282D0038DA14 /* Assets.xcassets */; };
		B575B5242342282D0038DA14 /* LaunchScreen.storyboard in Resources */ = {isa = PBXBuildFile; fileRef = B575B5222342282D0038DA14 /* LaunchScreen.storyboard */; };
/* End PBXBuildFile section */

/* Begin PBXFileReference section */
		B575B5142342282D0038DA14 /* TouchyApp.app */ = {isa = PBXFileReference; explicitFileType = wrapper.application; includeInIndex = 0; path = TouchyApp.app; sourceTree = BUILT_PRODUCTS_DIR; };
		B575B5172342282D0038DA14 /* AppDelegate.swift */ = {isa = PBXFileReference; lastKnownFileType = sourcecode.swift; path = AppDelegate.swift; sourceTree = "<group>"; };
		B575B5192342282D0038DA14 /* SceneDelegate.swift */ = {isa = PBXFileReference; lastKnownFileType = sourcecode.swift; path = SceneDelegate.swift; sourceTree = "<group>"; };
		B575B51B2342282D0038DA14 /* NoteVC.swift */ = {isa = PBXFileReference; lastKnownFileType = sourcecode.swift; path = NoteVC.swift; sourceTree = "<group>"; };
		B575B51E2342282D0038DA14 /* Base */ = {isa = PBXFileReference; lastKnownFileType = file.storyboard; name = Base; path = Base.lproj/Main.storyboard; sourceTree = "<group>"; };
		B575B5202342282D0038DA14 /* Assets.xcassets */ = {isa = PBXFileReference; lastKnownFileType = folder.assetcatalog; path = Assets.xcassets; sourceTree = "<group>"; };
		B575B5232342282D0038DA14 /* Base */ = {isa = PBXFileReference; lastKnownFileType = file.storyboard; name = Base; path = Base.lproj/LaunchScreen.storyboard; sourceTree = "<group>"; };
		B575B5252342282D0038DA14 /* Info.plist */ = {isa = PBXFileReference; lastKnownFileType = text.plist.xml; path = Info.plist; sourceTree = "<group>"; };
/* End PBXFileReference section */

/* Begin PBXFrameworksBuildPhase section */
		B575B5112342282D0038DA14 /* Frameworks */ = {
			isa = PBXFrameworksBuildPhase;
			buildActionMask = 2147483647;
			files = (
			);
			runOnlyForDeploymentPostprocessing = 0;
		};
/* End PBXFrameworksBuildPhase section */

/* Begin PBXGroup section */
		B575B50B2342282D0038DA14 = {
			isa = PBXGroup;
			children = (
				B575B5162342282D0038DA14 /* TouchyApp */,
				B575B5152342282D0038DA14 /* Products */,
			);
			sourceTree = "<group>";
		};
		B575B5152342282D0038DA14 /* Products */ = {
			isa = PBXGroup;
			children = (
				B575B5142342282D0038DA14 /* TouchyApp.app */,
			);
			name = Products;
			sourceTree = "<group>";
		};
		B575B5162342282D0038DA14 /* TouchyApp */ = {
			isa = PBXGroup;
			children = (
				B575B52D234228550038DA14 /* Model */,
				B575B52C234228420038DA14 /* View */,
				B575B52B234228370038DA14 /* Controller */,
				B575B52E234228620038DA14 /* Enums */,
				B575B52F2342286D0038DA14 /* Helpers */,
				B575B5172342282D0038DA14 /* AppDelegate.swift */,
				B575B5192342282D0038DA14 /* SceneDelegate.swift */,
				B575B51D2342282D0038DA14 /* Main.storyboard */,
				B575B5202342282D0038DA14 /* Assets.xcassets */,
				B575B5222342282D0038DA14 /* LaunchScreen.storyboard */,
				B575B5252342282D0038DA14 /* Info.plist */,
			);
			path = TouchyApp;
			sourceTree = "<group>";
		};
		B575B52B234228370038DA14 /* Controller */ = {
			isa = PBXGroup;
			children = (
				B575B51B2342282D0038DA14 /* NoteVC.swift */,
			);
			path = Controller;
			sourceTree = "<group>";
		};
		B575B52C234228420038DA14 /* View */ = {
			isa = PBXGroup;
			children = (
			);
			path = View;
			sourceTree = "<group>";
		};
		B575B52D234228550038DA14 /* Model */ = {
			isa = PBXGroup;
			children = (
			);
			path = Model;
			sourceTree = "<group>";
		};
		B575B52E234228620038DA14 /* Enums */ = {
			isa = PBXGroup;
			children = (
			);
			path = Enums;
			sourceTree = "<group>";
		};
		B575B52F2342286D0038DA14 /* Helpers */ = {
			isa = PBXGroup;
			children = (
			);
			path = Helpers;
			sourceTree = "<group>";
		};
/* End PBXGroup section */

/* Begin PBXNativeTarget section */
		B575B5132342282D0038DA14 /* TouchyApp */ = {
			isa = PBXNativeTarget;
			buildConfigurationList = B575B5282342282D0038DA14 /* Build configuration list for PBXNativeTarget "TouchyApp" */;
			buildPhases = (
				B575B5102342282D0038DA14 /* Sources */,
				B575B5112342282D0038DA14 /* Frameworks */,
				B575B5122342282D0038DA14 /* Resources */,
			);
			buildRules = (
			);
			dependencies = (
			);
			name = TouchyApp;
			productName = TouchyApp;
			productReference = B575B5142342282D0038DA14 /* TouchyApp.app */;
			productType = "com.apple.product-type.application";
		};
/* End PBXNativeTarget section */

/* Begin PBXProject section */
		B575B50C2342282D0038DA14 /* Project object */ = {
			isa = PBXProject;
			attributes = {
				LastSwiftUpdateCheck = 1100;
				LastUpgradeCheck = 1100;
				ORGANIZATIONNAME = "Denis Rakitin";
				TargetAttributes = {
					B575B5132342282D0038DA14 = {
						CreatedOnToolsVersion = 11.0;
					};
				};
			};
			buildConfigurationList = B575B50F2342282D0038DA14 /* Build configuration list for PBXProject "TouchyApp" */;
			compatibilityVersion = "Xcode 9.3";
			developmentRegion = en;
			hasScannedForEncodings = 0;
			knownRegions = (
				en,
				Base,
			);
			mainGroup = B575B50B2342282D0038DA14;
			productRefGroup = B575B5152342282D0038DA14 /* Products */;
			projectDirPath = "";
			projectRoot = "";
			targets = (
				B575B5132342282D0038DA14 /* TouchyApp */,
			);
		};
/* End PBXProject section */

/* Begin PBXResourcesBuildPhase section */
		B575B5122342282D0038DA14 /* Resources */ = {
			isa = PBXResourcesBuildPhase;
			buildActionMask = 2147483647;
			files = (
				B575B5242342282D0038DA14 /* LaunchScreen.storyboard in Resources */,
				B575B5212342282D0038DA14 /* Assets.xcassets in Resources */,
				B575B51F2342282D0038DA14 /* Main.storyboard in Resources */,
			);
			runOnlyForDeploymentPostprocessing = 0;
		};
/* End PBXResourcesBuildPhase section */

/* Begin PBXSourcesBuildPhase section */
		B575B5102342282D0038DA14 /* Sources */ = {
			isa = PBXSourcesBuildPhase;
			buildActionMask = 2147483647;
			files = (
				B575B51C2342282D0038DA14 /* NoteVC.swift in Sources */,
				B575B5182342282D0038DA14 /* AppDelegate.swift in Sources */,
				B575B51A2342282D0038DA14 /* SceneDelegate.swift in Sources */,
			);
			runOnlyForDeploymentPostprocessing = 0;
		};
/* End PBXSourcesBuildPhase section */

/* Begin PBXVariantGroup section */
		B575B51D2342282D0038DA14 /* Main.storyboard */ = {
			isa = PBXVariantGroup;
			children = (
				B575B51E2342282D0038DA14 /* Base */,
			);
			name = Main.storyboard;
			sourceTree = "<group>";
		};
		B575B5222342282D0038DA14 /* LaunchScreen.storyboard */ = {
			isa = PBXVariantGroup;
			children = (
				B575B5232342282D0038DA14 /* Base */,
			);
			name = LaunchScreen.storyboard;
			sourceTree = "<group>";
		};
/* End PBXVariantGroup section */

/* Begin XCBuildConfiguration section */
		B575B5262342282D0038DA14 /* Debug */ = {
			isa = XCBuildConfiguration;
			buildSettings = {
				ALWAYS_SEARCH_USER_PATHS = NO;
				CLANG_ANALYZER_NONNULL = YES;
				CLANG_ANALYZER_NUMBER_OBJECT_CONVERSION = YES_AGGRESSIVE;
				CLANG_CXX_LANGUAGE_STANDARD = "gnu++14";
				CLANG_CXX_LIBRARY = "libc++";
				CLANG_ENABLE_MODULES = YES;
				CLANG_ENABLE_OBJC_ARC = YES;
				CLANG_ENABLE_OBJC_WEAK = YES;
				CLANG_WARN_BLOCK_CAPTURE_AUTORELEASING = YES;
				CLANG_WARN_BOOL_CONVERSION = YES;
				CLANG_WARN_COMMA = YES;
				CLANG_WARN_CONSTANT_CONVERSION = YES;
				CLANG_WARN_DEPRECATED_OBJC_IMPLEMENTATIONS = YES;
				CLANG_WARN_DIRECT_OBJC_ISA_USAGE = YES_ERROR;
				CLANG_WARN_DOCUMENTATION_COMMENTS = YES;
				CLANG_WARN_EMPTY_BODY = YES;
				CLANG_WARN_ENUM_CONVERSION = YES;
				CLANG_WARN_INFINITE_RECURSION = YES;
				CLANG_WARN_INT_CONVERSION = YES;
				CLANG_WARN_NON_LITERAL_NULL_CONVERSION = YES;
				CLANG_WARN_OBJC_IMPLICIT_RETAIN_SELF = YES;
				CLANG_WARN_OBJC_LITERAL_CONVERSION = YES;
				CLANG_WARN_OBJC_ROOT_CLASS = YES_ERROR;
				CLANG_WARN_RANGE_LOOP_ANALYSIS = YES;
				CLANG_WARN_STRICT_PROTOTYPES = YES;
				CLANG_WARN_SUSPICIOUS_MOVE = YES;
				CLANG_WARN_UNGUARDED_AVAILABILITY = YES_AGGRESSIVE;
				CLANG_WARN_UNREACHABLE_CODE = YES;
				CLANG_WARN__DUPLICATE_METHOD_MATCH = YES;
				COPY_PHASE_STRIP = NO;
				DEBUG_INFORMATION_FORMAT = dwarf;
				ENABLE_STRICT_OBJC_MSGSEND = YES;
				ENABLE_TESTABILITY = YES;
				GCC_C_LANGUAGE_STANDARD = gnu11;
				GCC_DYNAMIC_NO_PIC = NO;
				GCC_NO_COMMON_BLOCKS = YES;
				GCC_OPTIMIZATION_LEVEL = 0;
				GCC_PREPROCESSOR_DEFINITIONS = (
					"DEBUG=1",
					"$(inherited)",
				);
				GCC_WARN_64_TO_32_BIT_CONVERSION = YES;
				GCC_WARN_ABOUT_RETURN_TYPE = YES_ERROR;
				GCC_WARN_UNDECLARED_SELECTOR = YES;
				GCC_WARN_UNINITIALIZED_AUTOS = YES_AGGRESSIVE;
				GCC_WARN_UNUSED_FUNCTION = YES;
				GCC_WARN_UNUSED_VARIABLE = YES;
				IPHONEOS_DEPLOYMENT_TARGET = 13.0;
				MTL_ENABLE_DEBUG_INFO = INCLUDE_SOURCE;
				MTL_FAST_MATH = YES;
				ONLY_ACTIVE_ARCH = YES;
				SDKROOT = iphoneos;
				SWIFT_ACTIVE_COMPILATION_CONDITIONS = DEBUG;
				SWIFT_OPTIMIZATION_LEVEL = "-Onone";
			};
			name = Debug;
		};
		B575B5272342282D0038DA14 /* Release */ = {
			isa = XCBuildConfiguration;
			buildSettings = {
				ALWAYS_SEARCH_USER_PATHS = NO;
				CLANG_ANALYZER_NONNULL = YES;
				CLANG_ANALYZER_NUMBER_OBJECT_CONVERSION = YES_AGGRESSIVE;
				CLANG_CXX_LANGUAGE_STANDARD = "gnu++14";
				CLANG_CXX_LIBRARY = "libc++";
				CLANG_ENABLE_MODULES = YES;
				CLANG_ENABLE_OBJC_ARC = YES;
				CLANG_ENABLE_OBJC_WEAK = YES;
				CLANG_WARN_BLOCK_CAPTURE_AUTORELEASING = YES;
				CLANG_WARN_BOOL_CONVERSION = YES;
				CLANG_WARN_COMMA = YES;
				CLANG_WARN_CONSTANT_CONVERSION = YES;
				CLANG_WARN_DEPRECATED_OBJC_IMPLEMENTATIONS = YES;
				CLANG_WARN_DIRECT_OBJC_ISA_USAGE = YES_ERROR;
				CLANG_WARN_DOCUMENTATION_COMMENTS = YES;
				CLANG_WARN_EMPTY_BODY = YES;
				CLANG_WARN_ENUM_CONVERSION = YES;
				CLANG_WARN_INFINITE_RECURSION = YES;
				CLANG_WARN_INT_CONVERSION = YES;
				CLANG_WARN_NON_LITERAL_NULL_CONVERSION = YES;
				CLANG_WARN_OBJC_IMPLICIT_RETAIN_SELF = YES;
				CLANG_WARN_OBJC_LITERAL_CONVERSION = YES;
				CLANG_WARN_OBJC_ROOT_CLASS = YES_ERROR;
				CLANG_WARN_RANGE_LOOP_ANALYSIS = YES;
				CLANG_WARN_STRICT_PROTOTYPES = YES;
				CLANG_WARN_SUSPICIOUS_MOVE = YES;
				CLANG_WARN_UNGUARDED_AVAILABILITY = YES_AGGRESSIVE;
				CLANG_WARN_UNREACHABLE_CODE = YES;
				CLANG_WARN__DUPLICATE_METHOD_MATCH = YES;
				COPY_PHASE_STRIP = NO;
				DEBUG_INFORMATION_FORMAT = "dwarf-with-dsym";
				ENABLE_NS_ASSERTIONS = NO;
				ENABLE_STRICT_OBJC_MSGSEND = YES;
				GCC_C_LANGUAGE_STANDARD = gnu11;
				GCC_NO_COMMON_BLOCKS = YES;
				GCC_WARN_64_TO_32_BIT_CONVERSION = YES;
				GCC_WARN_ABOUT_RETURN_TYPE = YES_ERROR;
				GCC_WARN_UNDECLARED_SELECTOR = YES;
				GCC_WARN_UNINITIALIZED_AUTOS = YES_AGGRESSIVE;
				GCC_WARN_UNUSED_FUNCTION = YES;
				GCC_WARN_UNUSED_VARIABLE = YES;
				IPHONEOS_DEPLOYMENT_TARGET = 13.0;
				MTL_ENABLE_DEBUG_INFO = NO;
				MTL_FAST_MATH = YES;
				SDKROOT = iphoneos;
				SWIFT_COMPILATION_MODE = wholemodule;
				SWIFT_OPTIMIZATION_LEVEL = "-O";
				VALIDATE_PRODUCT = YES;
			};
			name = Release;
		};
		B575B5292342282D0038DA14 /* Debug */ = {
			isa = XCBuildConfiguration;
			buildSettings = {
				ASSETCATALOG_COMPILER_APPICON_NAME = AppIcon;
				CODE_SIGN_STYLE = Automatic;
				DEVELOPMENT_TEAM = 9X329BRT6C;
				INFOPLIST_FILE = TouchyApp/Info.plist;
				LD_RUNPATH_SEARCH_PATHS = (
					"$(inherited)",
					"@executable_path/Frameworks",
				);
				PRODUCT_BUNDLE_IDENTIFIER = "funny-farm.TouchyApp";
				PRODUCT_NAME = "$(TARGET_NAME)";
				SWIFT_VERSION = 5.0;
				TARGETED_DEVICE_FAMILY = "1,2";
			};
			name = Debug;
		};
		B575B52A2342282D0038DA14 /* Release */ = {
			isa = XCBuildConfiguration;
			buildSettings = {
				ASSETCATALOG_COMPILER_APPICON_NAME = AppIcon;
				CODE_SIGN_STYLE = Automatic;
				DEVELOPMENT_TEAM = 9X329BRT6C;
				INFOPLIST_FILE = TouchyApp/Info.plist;
				LD_RUNPATH_SEARCH_PATHS = (
					"$(inherited)",
					"@executable_path/Frameworks",
				);
				PRODUCT_BUNDLE_IDENTIFIER = "funny-farm.TouchyApp";
				PRODUCT_NAME = "$(TARGET_NAME)";
				SWIFT_VERSION = 5.0;
				TARGETED_DEVICE_FAMILY = "1,2";
			};
			name = Release;
		};
/* End XCBuildConfiguration section */

/* Begin XCConfigurationList section */
		B575B50F2342282D0038DA14 /* Build configuration list for PBXProject "TouchyApp" */ = {
			isa = XCConfigurationList;
			buildConfigurations = (
				B575B5262342282D0038DA14 /* Debug */,
				B575B5272342282D0038DA14 /* Release */,
			);
			defaultConfigurationIsVisible = 0;
			defaultConfigurationName = Release;
		};
		B575B5282342282D0038DA14 /* Build configuration list for PBXNativeTarget "TouchyApp" */ = {
			isa = XCConfigurationList;
			buildConfigurations = (
				B575B5292342282D0038DA14 /* Debug */,
				B575B52A2342282D0038DA14 /* Release */,
			);
			defaultConfigurationIsVisible = 0;
			defaultConfigurationName = Release;
		};
/* End XCConfigurationList section */
	};
	rootObject = B575B50C2342282D0038DA14 /* Project object */;
}
